
Microsoft Visual Studio Solution File, Format Version 12.00
# Visual Studio 15
VisualStudioVersion = 15.0.27428.2027
MinimumVisualStudioVersion = 10.0.40219.1
Project("{FAE04EC0-301F-11D3-BF4B-00C04F79EFBC}") = "UWP_RPiCameraViewer", "UWP_RPiCameraViewer.csproj", "{D610B28C-AE17-4CF5-BC5D-4903170AEA44}"
EndProject
Global
	GlobalSection(SolutionConfigurationPlatforms) = preSolution
		Debug|ARM = Debug|ARM
		Debug|x64 = Debug|x64
		Debug|x86 = Debug|x86
		Release|ARM = Release|ARM
		Release|x64 = Release|x64
		Release|x86 = Release|x86
	EndGlobalSection
	GlobalSection(ProjectConfigurationPlatforms) = postSolution
		{D610B28C-AE17-4CF5-BC5D-4903170AEA44}.Debug|ARM.ActiveCfg = Debug|ARM
		{D610B28C-AE17-4CF5-BC5D-4903170AEA44}.Debug|ARM.Build.0 = Debug|ARM
		{D610B28C-AE17-4CF5-BC5D-4903170AEA44}.Debug|ARM.Deploy.0 = Debug|ARM
		{D610B28C-AE17-4CF5-BC5D-4903170AEA44}.Debug|x64.ActiveCfg = Debug|x64
		{D610B28C-AE17-4CF5-BC5D-4903170AEA44}.Debug|x64.Build.0 = Debug|x64
		{D610B28C-AE17-4CF5-BC5D-4903170AEA44}.Debug|x64.Deploy.0 = Debug|x64
		{D610B28C-AE17-4CF5-BC5D-4903170AEA44}.Debug|x86.ActiveCfg = Debug|x86
		{D610B28C-AE17-4CF5-BC5D-4903170AEA44}.Debug|x86.Build.0 = Debug|x86
		{D610B28C-AE17-4CF5-BC5D-4903170AEA44}.Debug|x86.Deploy.0 = Debug|x86
		{D610B28C-AE17-4CF5-BC5D-4903170AEA44}.Release|ARM.ActiveCfg = Release|ARM
		{D610B28C-AE17-4CF5-BC5D-4903170AEA44}.Release|ARM.Build.0 = Release|ARM
		{D610B28C-AE17-4CF5-BC5D-4903170AEA44}.Release|ARM.Deploy.0 = Release|ARM
		{D610B28C-AE17-4CF5-BC5D-4903170AEA44}.Release|x64.ActiveCfg = Release|x64
		{D610B28C-AE17-4CF5-BC5D-4903170AEA44}.Release|x64.Build.0 = Release|x64
		{D610B28C-AE17-4CF5-BC5D-4903170AEA44}.Release|x64.Deploy.0 = Release|x64
		{D610B28C-AE17-4CF5-BC5D-4903170AEA44}.Release|x86.ActiveCfg = Release|x86
		{D610B28C-AE17-4CF5-BC5D-4903170AEA44}.Release|x86.Build.0 = Release|x86
		{D610B28C-AE17-4CF5-BC5D-4903170AEA44}.Release|x86.Deploy.0 = Release|x86
	EndGlobalSection
	GlobalSection(SolutionProperties) = preSolution
		HideSolutionNode = FALSE
	EndGlobalSection
	GlobalSection(ExtensibilityGlobals) = postSolution
		SolutionGuid = {F927B5F5-B730-4D58-ACA2-5C9B3CFFAD92}
	EndGlobalSection
EndGlobal
